
Microsoft Visual Studio Solution File, Format Version 12.00
# Visual Studio 15
VisualStudioVersion = 15.0.28307.421
MinimumVisualStudioVersion = 10.0.40219.1
Project("{FAE04EC0-301F-11D3-BF4B-00C04F79EFBC}") = "Threading.Tasks.App", "Threading.Tasks\Threading.Tasks.App.csproj", "{366A714F-791E-43E2-A18B-2DD637E2627A}"
EndProject
Project("{FAE04EC0-301F-11D3-BF4B-00C04F79EFBC}") = "Threading.Tasks.ConsoleApp", "Threading.Tasks.ConsoleApp\Threading.Tasks.ConsoleApp.csproj", "{C749DF9B-8B41-4CE0-A57E-178DD88BE141}"
EndProject
Global
	GlobalSection(SolutionConfigurationPlatforms) = preSolution
		Debug|Any CPU = Debug|Any CPU
		Debug|ARM = Debug|ARM
		Debug|ARM64 = Debug|ARM64
		Debug|x64 = Debug|x64
		Debug|x86 = Debug|x86
		Release|Any CPU = Release|Any CPU
		Release|ARM = Release|ARM
		Release|ARM64 = Release|ARM64
		Release|x64 = Release|x64
		Release|x86 = Release|x86
	EndGlobalSection
	GlobalSection(ProjectConfigurationPlatforms) = postSolution
		{366A714F-791E-43E2-A18B-2DD637E2627A}.Debug|Any CPU.ActiveCfg = Debug|x86
		{366A714F-791E-43E2-A18B-2DD637E2627A}.Debug|ARM.ActiveCfg = Debug|ARM
		{366A714F-791E-43E2-A18B-2DD637E2627A}.Debug|ARM.Build.0 = Debug|ARM
		{366A714F-791E-43E2-A18B-2DD637E2627A}.Debug|ARM.Deploy.0 = Debug|ARM
		{366A714F-791E-43E2-A18B-2DD637E2627A}.Debug|ARM64.ActiveCfg = Debug|ARM64
		{366A714F-791E-43E2-A18B-2DD637E2627A}.Debug|ARM64.Build.0 = Debug|ARM64
		{366A714F-791E-43E2-A18B-2DD637E2627A}.Debug|ARM64.Deploy.0 = Debug|ARM64
		{366A714F-791E-43E2-A18B-2DD637E2627A}.Debug|x64.ActiveCfg = Debug|x64
		{366A714F-791E-43E2-A18B-2DD637E2627A}.Debug|x64.Build.0 = Debug|x64
		{366A714F-791E-43E2-A18B-2DD637E2627A}.Debug|x64.Deploy.0 = Debug|x64
		{366A714F-791E-43E2-A18B-2DD637E2627A}.Debug|x86.ActiveCfg = Debug|x86
		{366A714F-791E-43E2-A18B-2DD637E2627A}.Debug|x86.Build.0 = Debug|x86
		{366A714F-791E-43E2-A18B-2DD637E2627A}.Debug|x86.Deploy.0 = Debug|x86
		{366A714F-791E-43E2-A18B-2DD637E2627A}.Release|Any CPU.ActiveCfg = Release|x86
		{366A714F-791E-43E2-A18B-2DD637E2627A}.Release|ARM.ActiveCfg = Release|ARM
		{366A714F-791E-43E2-A18B-2DD637E2627A}.Release|ARM.Build.0 = Release|ARM
		{366A714F-791E-43E2-A18B-2DD637E2627A}.Release|ARM.Deploy.0 = Release|ARM
		{366A714F-791E-43E2-A18B-2DD637E2627A}.Release|ARM64.ActiveCfg = Release|ARM64
		{366A714F-791E-43E2-A18B-2DD637E2627A}.Release|ARM64.Build.0 = Release|ARM64
		{366A714F-791E-43E2-A18B-2DD637E2627A}.Release|ARM64.Deploy.0 = Release|ARM64
		{366A714F-791E-43E2-A18B-2DD637E2627A}.Release|x64.ActiveCfg = Release|x64
		{366A714F-791E-43E2-A18B-2DD637E2627A}.Release|x64.Build.0 = Release|x64
		{366A714F-791E-43E2-A18B-2DD637E2627A}.Release|x64.Deploy.0 = Release|x64
		{366A714F-791E-43E2-A18B-2DD637E2627A}.Release|x86.ActiveCfg = Release|x86
		{366A714F-791E-43E2-A18B-2DD637E2627A}.Release|x86.Build.0 = Release|x86
		{366A714F-791E-43E2-A18B-2DD637E2627A}.Release|x86.Deploy.0 = Release|x86
		{C749DF9B-8B41-4CE0-A57E-178DD88BE141}.Debug|Any CPU.ActiveCfg = Debug|Any CPU
		{C749DF9B-8B41-4CE0-A57E-178DD88BE141}.Debug|Any CPU.Build.0 = Debug|Any CPU
		{C749DF9B-8B41-4CE0-A57E-178DD88BE141}.Debug|ARM.ActiveCfg = Debug|Any CPU
		{C749DF9B-8B41-4CE0-A57E-178DD88BE141}.Debug|ARM.Build.0 = Debug|Any CPU
		{C749DF9B-8B41-4CE0-A57E-178DD88BE141}.Debug|ARM64.ActiveCfg = Debug|Any CPU
		{C749DF9B-8B41-4CE0-A57E-178DD88BE141}.Debug|ARM64.Build.0 = Debug|Any CPU
		{C749DF9B-8B41-4CE0-A57E-178DD88BE141}.Debug|x64.ActiveCfg = Debug|Any CPU
		{C749DF9B-8B41-4CE0-A57E-178DD88BE141}.Debug|x64.Build.0 = Debug|Any CPU
		{C749DF9B-8B41-4CE0-A57E-178DD88BE141}.Debug|x86.ActiveCfg = Debug|Any CPU
		{C749DF9B-8B41-4CE0-A57E-178DD88BE141}.Debug|x86.Build.0 = Debug|Any CPU
		{C749DF9B-8B41-4CE0-A57E-178DD88BE141}.Release|Any CPU.ActiveCfg = Release|Any CPU
		{C749DF9B-8B41-4CE0-A57E-178DD88BE141}.Release|Any CPU.Build.0 = Release|Any CPU
		{C749DF9B-8B41-4CE0-A57E-178DD88BE141}.Release|ARM.ActiveCfg = Release|Any CPU
		{C749DF9B-8B41-4CE0-A57E-178DD88BE141}.Release|ARM.Build.0 = Release|Any CPU
		{C749DF9B-8B41-4CE0-A57E-178DD88BE141}.Release|ARM64.ActiveCfg = Release|Any CPU
		{C749DF9B-8B41-4CE0-A57E-178DD88BE141}.Release|ARM64.Build.0 = Release|Any CPU
		{C749DF9B-8B41-4CE0-A57E-178DD88BE141}.Release|x64.ActiveCfg = Release|Any CPU
		{C749DF9B-8B41-4CE0-A57E-178DD88BE141}.Release|x64.Build.0 = Release|Any CPU
		{C749DF9B-8B41-4CE0-A57E-178DD88BE141}.Release|x86.ActiveCfg = Release|Any CPU
		{C749DF9B-8B41-4CE0-A57E-178DD88BE141}.Release|x86.Build.0 = Release|Any CPU
	EndGlobalSection
	GlobalSection(SolutionProperties) = preSolution
		HideSolutionNode = FALSE
	EndGlobalSection
	GlobalSection(ExtensibilityGlobals) = postSolution
		SolutionGuid = {22DC0B58-00D7-4D58-83BD-11DBEA525EFA}
	EndGlobalSection
EndGlobal
